
Microsoft Visual Studio Solution File, Format Version 12.00
# Visual Studio 2015
Project("{FAE04EC0-301F-11D3-BF4B-00C04F79EFBC}") = "ShootEmUpGame.CSharp", "ShootEmUpGame.CSharp.csproj", "{2D53B6BF-706B-3B14-0555-F761C15E358A}"
EndProject
Project("{FAE04EC0-301F-11D3-BF4B-00C04F79EFBC}") = "ShootEmUpGame.CSharp.Editor", "ShootEmUpGame.CSharp.Editor.csproj", "{9BAB8B93-D52F-FFE4-A011-55545F5875EF}"
EndProject
Global
	GlobalSection(SolutionConfigurationPlatforms) = preSolution
		Debug|Any CPU = Debug|Any CPU
		Release|Any CPU = Release|Any CPU
	EndGlobalSection
	GlobalSection(ProjectConfigurationPlatforms) = postSolution
		{2D53B6BF-706B-3B14-0555-F761C15E358A}.Debug|Any CPU.ActiveCfg = Debug|Any CPU
		{2D53B6BF-706B-3B14-0555-F761C15E358A}.Debug|Any CPU.Build.0 = Debug|Any CPU
		{2D53B6BF-706B-3B14-0555-F761C15E358A}.Release|Any CPU.ActiveCfg = Release|Any CPU
		{2D53B6BF-706B-3B14-0555-F761C15E358A}.Release|Any CPU.Build.0 = Release|Any CPU
		{9BAB8B93-D52F-FFE4-A011-55545F5875EF}.Debug|Any CPU.ActiveCfg = Debug|Any CPU
		{9BAB8B93-D52F-FFE4-A011-55545F5875EF}.Debug|Any CPU.Build.0 = Debug|Any CPU
		{9BAB8B93-D52F-FFE4-A011-55545F5875EF}.Release|Any CPU.ActiveCfg = Release|Any CPU
		{9BAB8B93-D52F-FFE4-A011-55545F5875EF}.Release|Any CPU.Build.0 = Release|Any CPU
	EndGlobalSection
	GlobalSection(SolutionProperties) = preSolution
		HideSolutionNode = FALSE
	EndGlobalSection
EndGlobal
